
Microsoft Visual Studio Solution File, Format Version 11.00
# Visual Studio 2010
Project("{FAE04EC0-301F-11D3-BF4B-00C04F79EFBC}") = "Cetecean", "Cetecean\Cetecean.csproj", "{EE11762E-C275-46C3-BF2E-EBF74314131E}"
EndProject
Global
	GlobalSection(SolutionConfigurationPlatforms) = preSolution
		Debug|x86 = Debug|x86
		Release|x86 = Release|x86
	EndGlobalSection
	GlobalSection(ProjectConfigurationPlatforms) = postSolution
		{EE11762E-C275-46C3-BF2E-EBF74314131E}.Debug|x86.ActiveCfg = Debug|x86
		{EE11762E-C275-46C3-BF2E-EBF74314131E}.Debug|x86.Build.0 = Debug|x86
		{EE11762E-C275-46C3-BF2E-EBF74314131E}.Release|x86.ActiveCfg = Release|x86
		{EE11762E-C275-46C3-BF2E-EBF74314131E}.Release|x86.Build.0 = Release|x86
	EndGlobalSection
	GlobalSection(SolutionProperties) = preSolution
		HideSolutionNode = FALSE
	EndGlobalSection
EndGlobal
